
Microsoft Visual Studio Solution File, Format Version 12.00
# Visual Studio Version 17
VisualStudioVersion = 17.13.35828.75 d17.13
MinimumVisualStudioVersion = 10.0.40219.1
Project("{C9674DCB-5085-4A16-B785-4C70DD1589BD}") = "ETL_Demo2", "ETL_Demo2.dtproj", "{12271B44-58FC-F55D-A90F-05896D222289}"
EndProject
Global
	GlobalSection(SolutionConfigurationPlatforms) = preSolution
		Development|Default = Development|Default
	EndGlobalSection
	GlobalSection(ProjectConfigurationPlatforms) = postSolution
		{12271B44-58FC-F55D-A90F-05896D222289}.Development|Default.ActiveCfg = Development
		{12271B44-58FC-F55D-A90F-05896D222289}.Development|Default.Build.0 = Development
	EndGlobalSection
	GlobalSection(SolutionProperties) = preSolution
		HideSolutionNode = FALSE
	EndGlobalSection
	GlobalSection(ExtensibilityGlobals) = postSolution
		SolutionGuid = {B4583080-8500-4596-907C-57D7B32D4953}
	EndGlobalSection
EndGlobal
